
Microsoft Visual Studio Solution File, Format Version 12.00
# Visual Studio Version 16
VisualStudioVersion = 16.0.30503.244
MinimumVisualStudioVersion = 10.0.40219.1
Project("{FAE04EC0-301F-11D3-BF4B-00C04F79EFBC}") = "OOP4_2", "OOP4_2\OOP4_2.csproj", "{F3110FE0-6E31-4B44-AF69-A0C9A1ACD99B}"
EndProject
Global
	GlobalSection(SolutionConfigurationPlatforms) = preSolution
		Debug|Any CPU = Debug|Any CPU
		Release|Any CPU = Release|Any CPU
	EndGlobalSection
	GlobalSection(ProjectConfigurationPlatforms) = postSolution
		{F3110FE0-6E31-4B44-AF69-A0C9A1ACD99B}.Debug|Any CPU.ActiveCfg = Debug|Any CPU
		{F3110FE0-6E31-4B44-AF69-A0C9A1ACD99B}.Debug|Any CPU.Build.0 = Debug|Any CPU
		{F3110FE0-6E31-4B44-AF69-A0C9A1ACD99B}.Release|Any CPU.ActiveCfg = Release|Any CPU
		{F3110FE0-6E31-4B44-AF69-A0C9A1ACD99B}.Release|Any CPU.Build.0 = Release|Any CPU
	EndGlobalSection
	GlobalSection(SolutionProperties) = preSolution
		HideSolutionNode = FALSE
	EndGlobalSection
	GlobalSection(ExtensibilityGlobals) = postSolution
		SolutionGuid = {202D9C6E-3D02-47C9-8C41-E69C8D33595E}
	EndGlobalSection
EndGlobal
